
Microsoft Visual Studio Solution File, Format Version 12.00
# Visual Studio 15
VisualStudioVersion = 15.0.28307.421
MinimumVisualStudioVersion = 10.0.40219.1
Project("{FAE04EC0-301F-11D3-BF4B-00C04F79EFBC}") = "Pizza", "Pizza\Pizza.csproj", "{4F77605D-DFD4-4837-B5A3-2460E9EE53A3}"
EndProject
Project("{FAE04EC0-301F-11D3-BF4B-00C04F79EFBC}") = "PizzaTests", "PizzaTests\PizzaTests.csproj", "{0ADD1C9A-0F35-46CE-832C-1090C2735875}"
EndProject
Project("{FAE04EC0-301F-11D3-BF4B-00C04F79EFBC}") = "MyPizza", "MyPizza\MyPizza.csproj", "{69C656F6-46C8-447B-B2BB-0868BD2D0560}"
EndProject
Global
	GlobalSection(SolutionConfigurationPlatforms) = preSolution
		Debug|Any CPU = Debug|Any CPU
		Release|Any CPU = Release|Any CPU
	EndGlobalSection
	GlobalSection(ProjectConfigurationPlatforms) = postSolution
		{4F77605D-DFD4-4837-B5A3-2460E9EE53A3}.Debug|Any CPU.ActiveCfg = Debug|Any CPU
		{4F77605D-DFD4-4837-B5A3-2460E9EE53A3}.Debug|Any CPU.Build.0 = Debug|Any CPU
		{4F77605D-DFD4-4837-B5A3-2460E9EE53A3}.Release|Any CPU.ActiveCfg = Release|Any CPU
		{4F77605D-DFD4-4837-B5A3-2460E9EE53A3}.Release|Any CPU.Build.0 = Release|Any CPU
		{0ADD1C9A-0F35-46CE-832C-1090C2735875}.Debug|Any CPU.ActiveCfg = Debug|Any CPU
		{0ADD1C9A-0F35-46CE-832C-1090C2735875}.Debug|Any CPU.Build.0 = Debug|Any CPU
		{0ADD1C9A-0F35-46CE-832C-1090C2735875}.Release|Any CPU.ActiveCfg = Release|Any CPU
		{0ADD1C9A-0F35-46CE-832C-1090C2735875}.Release|Any CPU.Build.0 = Release|Any CPU
		{69C656F6-46C8-447B-B2BB-0868BD2D0560}.Debug|Any CPU.ActiveCfg = Debug|Any CPU
		{69C656F6-46C8-447B-B2BB-0868BD2D0560}.Debug|Any CPU.Build.0 = Debug|Any CPU
		{69C656F6-46C8-447B-B2BB-0868BD2D0560}.Release|Any CPU.ActiveCfg = Release|Any CPU
		{69C656F6-46C8-447B-B2BB-0868BD2D0560}.Release|Any CPU.Build.0 = Release|Any CPU
	EndGlobalSection
	GlobalSection(SolutionProperties) = preSolution
		HideSolutionNode = FALSE
	EndGlobalSection
	GlobalSection(ExtensibilityGlobals) = postSolution
		SolutionGuid = {4C3F5072-3D5C-4C57-9B07-A9D13F32C039}
	EndGlobalSection
EndGlobal
