
Microsoft Visual Studio Solution File, Format Version 12.00
# Visual Studio 15
Project("{FAE04EC0-301F-11D3-BF4B-00C04F79EFBC}") = "SocialMedia", "SocialMedia\SocialMedia.csproj", "{93484F33-E0CF-41E7-B4DE-05659447BC5E}"
EndProject
Global
	GlobalSection(SolutionConfigurationPlatforms) = preSolution
		Debug|Any CPU = Debug|Any CPU
		Release|Any CPU = Release|Any CPU
	EndGlobalSection
	GlobalSection(ProjectConfigurationPlatforms) = postSolution
		{93484F33-E0CF-41E7-B4DE-05659447BC5E}.Debug|Any CPU.ActiveCfg = Debug|Any CPU
		{93484F33-E0CF-41E7-B4DE-05659447BC5E}.Debug|Any CPU.Build.0 = Debug|Any CPU
		{93484F33-E0CF-41E7-B4DE-05659447BC5E}.Release|Any CPU.ActiveCfg = Release|Any CPU
		{93484F33-E0CF-41E7-B4DE-05659447BC5E}.Release|Any CPU.Build.0 = Release|Any CPU
	EndGlobalSection
EndGlobal
